
Microsoft Visual Studio Solution File, Format Version 12.00
# Visual Studio Version 16
VisualStudioVersion = 16.0.28917.182
MinimumVisualStudioVersion = 10.0.40219.1
Project("{9A19103F-16F7-4668-BE54-9A1E7A4F7556}") = "HeroesPowerPlant", "HeroesPowerPlant\HeroesPowerPlant.csproj", "{A3F86B0F-4A7B-4C01-9A18-79C4EC9A6A05}"
EndProject
Project("{2150E333-8FDC-42A3-9474-1A3956D46DE8}") = "Dependencies", "Dependencies", "{39B59C2E-28E6-4DA7-B3C7-D788DBEA69FC}"
EndProject
Project("{2150E333-8FDC-42A3-9474-1A3956D46DE8}") = "Reloaded I Stage Injector", "Reloaded I Stage Injector", "{78DFD071-AE27-4B37-A21A-DC5BAC5C8E0B}"
EndProject
Project("{2150E333-8FDC-42A3-9474-1A3956D46DE8}") = "Reloaded II Stage Injection", "Reloaded II Stage Injection", "{1C476D7B-CB3A-4694-BB95-D02D4E28299A}"
EndProject
Project("{9A19103F-16F7-4668-BE54-9A1E7A4F7556}") = "GenericStageInjectionCommon", "GenericStageInjectionCommon\GenericStageInjectionCommon\GenericStageInjectionCommon.csproj", "{8767168B-0975-4975-8276-3ACBBC8421A6}"
EndProject
Project("{9A19103F-16F7-4668-BE54-9A1E7A4F7556}") = "HeroesPowerPlant.RemoteControl.Shared", "Submodules\HeroesPowerPlant.RemoteControl.ReloadedII\HeroesPowerPlant.RemoteControl.Shared\HeroesPowerPlant.RemoteControl.Shared.csproj", "{3188228B-3DC5-4E68-BBCA-23E990038B39}"
EndProject
Project("{FAE04EC0-301F-11D3-BF4B-00C04F79EFBC}") = "RenderWareFile", "RenderWareFile\RenderWareFile\RenderWareFile.csproj", "{005F2D00-06DE-4EF9-BFEE-80EFAC49E114}"
EndProject
Project("{9A19103F-16F7-4668-BE54-9A1E7A4F7556}") = "Heroes.SDK", "Submodules\Heroes.SDK\Heroes.SDK.Library\Heroes.SDK.csproj", "{D0DF4600-8E65-47E7-8C4F-193FD0083ACB}"
EndProject
Global
	GlobalSection(SolutionConfigurationPlatforms) = preSolution
		Debug|Any CPU = Debug|Any CPU
		Debug|x64 = Debug|x64
		Debug|x86 = Debug|x86
		Release|Any CPU = Release|Any CPU
		Release|x64 = Release|x64
		Release|x86 = Release|x86
	EndGlobalSection
	GlobalSection(ProjectConfigurationPlatforms) = postSolution
		{A3F86B0F-4A7B-4C01-9A18-79C4EC9A6A05}.Debug|Any CPU.ActiveCfg = Debug|Any CPU
		{A3F86B0F-4A7B-4C01-9A18-79C4EC9A6A05}.Debug|Any CPU.Build.0 = Debug|Any CPU
		{A3F86B0F-4A7B-4C01-9A18-79C4EC9A6A05}.Debug|x64.ActiveCfg = Debug|Any CPU
		{A3F86B0F-4A7B-4C01-9A18-79C4EC9A6A05}.Debug|x64.Build.0 = Debug|Any CPU
		{A3F86B0F-4A7B-4C01-9A18-79C4EC9A6A05}.Debug|x86.ActiveCfg = Debug|Any CPU
		{A3F86B0F-4A7B-4C01-9A18-79C4EC9A6A05}.Debug|x86.Build.0 = Debug|Any CPU
		{A3F86B0F-4A7B-4C01-9A18-79C4EC9A6A05}.Release|Any CPU.ActiveCfg = Release|Any CPU
		{A3F86B0F-4A7B-4C01-9A18-79C4EC9A6A05}.Release|Any CPU.Build.0 = Release|Any CPU
		{A3F86B0F-4A7B-4C01-9A18-79C4EC9A6A05}.Release|x64.ActiveCfg = Release|Any CPU
		{A3F86B0F-4A7B-4C01-9A18-79C4EC9A6A05}.Release|x64.Build.0 = Release|Any CPU
		{A3F86B0F-4A7B-4C01-9A18-79C4EC9A6A05}.Release|x86.ActiveCfg = Release|Any CPU
		{A3F86B0F-4A7B-4C01-9A18-79C4EC9A6A05}.Release|x86.Build.0 = Release|Any CPU
		{8767168B-0975-4975-8276-3ACBBC8421A6}.Debug|Any CPU.ActiveCfg = Debug|Any CPU
		{8767168B-0975-4975-8276-3ACBBC8421A6}.Debug|Any CPU.Build.0 = Debug|Any CPU
		{8767168B-0975-4975-8276-3ACBBC8421A6}.Debug|x64.ActiveCfg = Debug|x64
		{8767168B-0975-4975-8276-3ACBBC8421A6}.Debug|x64.Build.0 = Debug|x64
		{8767168B-0975-4975-8276-3ACBBC8421A6}.Debug|x86.ActiveCfg = Debug|x86
		{8767168B-0975-4975-8276-3ACBBC8421A6}.Debug|x86.Build.0 = Debug|x86
		{8767168B-0975-4975-8276-3ACBBC8421A6}.Release|Any CPU.ActiveCfg = Release|Any CPU
		{8767168B-0975-4975-8276-3ACBBC8421A6}.Release|Any CPU.Build.0 = Release|Any CPU
		{8767168B-0975-4975-8276-3ACBBC8421A6}.Release|x64.ActiveCfg = Release|x64
		{8767168B-0975-4975-8276-3ACBBC8421A6}.Release|x64.Build.0 = Release|x64
		{8767168B-0975-4975-8276-3ACBBC8421A6}.Release|x86.ActiveCfg = Release|x86
		{8767168B-0975-4975-8276-3ACBBC8421A6}.Release|x86.Build.0 = Release|x86
		{3188228B-3DC5-4E68-BBCA-23E990038B39}.Debug|Any CPU.ActiveCfg = Debug|Any CPU
		{3188228B-3DC5-4E68-BBCA-23E990038B39}.Debug|Any CPU.Build.0 = Debug|Any CPU
		{3188228B-3DC5-4E68-BBCA-23E990038B39}.Debug|x64.ActiveCfg = Debug|Any CPU
		{3188228B-3DC5-4E68-BBCA-23E990038B39}.Debug|x64.Build.0 = Debug|Any CPU
		{3188228B-3DC5-4E68-BBCA-23E990038B39}.Debug|x86.ActiveCfg = Debug|Any CPU
		{3188228B-3DC5-4E68-BBCA-23E990038B39}.Debug|x86.Build.0 = Debug|Any CPU
		{3188228B-3DC5-4E68-BBCA-23E990038B39}.Release|Any CPU.ActiveCfg = Release|Any CPU
		{3188228B-3DC5-4E68-BBCA-23E990038B39}.Release|Any CPU.Build.0 = Release|Any CPU
		{3188228B-3DC5-4E68-BBCA-23E990038B39}.Release|x64.ActiveCfg = Release|Any CPU
		{3188228B-3DC5-4E68-BBCA-23E990038B39}.Release|x64.Build.0 = Release|Any CPU
		{3188228B-3DC5-4E68-BBCA-23E990038B39}.Release|x86.ActiveCfg = Release|Any CPU
		{3188228B-3DC5-4E68-BBCA-23E990038B39}.Release|x86.Build.0 = Release|Any CPU
		{005F2D00-06DE-4EF9-BFEE-80EFAC49E114}.Debug|Any CPU.ActiveCfg = Debug|Any CPU
		{005F2D00-06DE-4EF9-BFEE-80EFAC49E114}.Debug|Any CPU.Build.0 = Debug|Any CPU
		{005F2D00-06DE-4EF9-BFEE-80EFAC49E114}.Debug|x64.ActiveCfg = Debug|Any CPU
		{005F2D00-06DE-4EF9-BFEE-80EFAC49E114}.Debug|x64.Build.0 = Debug|Any CPU
		{005F2D00-06DE-4EF9-BFEE-80EFAC49E114}.Debug|x86.ActiveCfg = Debug|Any CPU
		{005F2D00-06DE-4EF9-BFEE-80EFAC49E114}.Debug|x86.Build.0 = Debug|Any CPU
		{005F2D00-06DE-4EF9-BFEE-80EFAC49E114}.Release|Any CPU.ActiveCfg = Release|Any CPU
		{005F2D00-06DE-4EF9-BFEE-80EFAC49E114}.Release|Any CPU.Build.0 = Release|Any CPU
		{005F2D00-06DE-4EF9-BFEE-80EFAC49E114}.Release|x64.ActiveCfg = Release|Any CPU
		{005F2D00-06DE-4EF9-BFEE-80EFAC49E114}.Release|x64.Build.0 = Release|Any CPU
		{005F2D00-06DE-4EF9-BFEE-80EFAC49E114}.Release|x86.ActiveCfg = Release|Any CPU
		{005F2D00-06DE-4EF9-BFEE-80EFAC49E114}.Release|x86.Build.0 = Release|Any CPU
		{D0DF4600-8E65-47E7-8C4F-193FD0083ACB}.Debug|Any CPU.ActiveCfg = Debug|Any CPU
		{D0DF4600-8E65-47E7-8C4F-193FD0083ACB}.Debug|Any CPU.Build.0 = Debug|Any CPU
		{D0DF4600-8E65-47E7-8C4F-193FD0083ACB}.Debug|x64.ActiveCfg = Debug|Any CPU
		{D0DF4600-8E65-47E7-8C4F-193FD0083ACB}.Debug|x64.Build.0 = Debug|Any CPU
		{D0DF4600-8E65-47E7-8C4F-193FD0083ACB}.Debug|x86.ActiveCfg = Debug|Any CPU
		{D0DF4600-8E65-47E7-8C4F-193FD0083ACB}.Debug|x86.Build.0 = Debug|Any CPU
		{D0DF4600-8E65-47E7-8C4F-193FD0083ACB}.Release|Any CPU.ActiveCfg = Release|Any CPU
		{D0DF4600-8E65-47E7-8C4F-193FD0083ACB}.Release|Any CPU.Build.0 = Release|Any CPU
		{D0DF4600-8E65-47E7-8C4F-193FD0083ACB}.Release|x64.ActiveCfg = Release|Any CPU
		{D0DF4600-8E65-47E7-8C4F-193FD0083ACB}.Release|x64.Build.0 = Release|Any CPU
		{D0DF4600-8E65-47E7-8C4F-193FD0083ACB}.Release|x86.ActiveCfg = Release|Any CPU
		{D0DF4600-8E65-47E7-8C4F-193FD0083ACB}.Release|x86.Build.0 = Release|Any CPU
	EndGlobalSection
	GlobalSection(SolutionProperties) = preSolution
		HideSolutionNode = FALSE
	EndGlobalSection
	GlobalSection(NestedProjects) = preSolution
		{78DFD071-AE27-4B37-A21A-DC5BAC5C8E0B} = {39B59C2E-28E6-4DA7-B3C7-D788DBEA69FC}
		{1C476D7B-CB3A-4694-BB95-D02D4E28299A} = {39B59C2E-28E6-4DA7-B3C7-D788DBEA69FC}
		{8767168B-0975-4975-8276-3ACBBC8421A6} = {78DFD071-AE27-4B37-A21A-DC5BAC5C8E0B}
		{3188228B-3DC5-4E68-BBCA-23E990038B39} = {39B59C2E-28E6-4DA7-B3C7-D788DBEA69FC}
		{005F2D00-06DE-4EF9-BFEE-80EFAC49E114} = {39B59C2E-28E6-4DA7-B3C7-D788DBEA69FC}
		{D0DF4600-8E65-47E7-8C4F-193FD0083ACB} = {1C476D7B-CB3A-4694-BB95-D02D4E28299A}
	EndGlobalSection
	GlobalSection(ExtensibilityGlobals) = postSolution
		SolutionGuid = {1367AC93-CFC8-458F-95DB-1999C8F0DB6A}
	EndGlobalSection
EndGlobal
