
Microsoft Visual Studio Solution File, Format Version 12.00
# Visual Studio 15
VisualStudioVersion = 15.0.27428.2043
MinimumVisualStudioVersion = 10.0.40219.1
Project("{FAE04EC0-301F-11D3-BF4B-00C04F79EFBC}") = "HeroesPowerPlant", "HeroesPowerPlant\HeroesPowerPlant.csproj", "{A3F86B0F-4A7B-4C01-9A18-79C4EC9A6A05}"
EndProject
Global
	GlobalSection(SolutionConfigurationPlatforms) = preSolution
		Debug|Any CPU = Debug|Any CPU
		Release|Any CPU = Release|Any CPU
	EndGlobalSection
	GlobalSection(ProjectConfigurationPlatforms) = postSolution
		{A3F86B0F-4A7B-4C01-9A18-79C4EC9A6A05}.Debug|Any CPU.ActiveCfg = Debug|Any CPU
		{A3F86B0F-4A7B-4C01-9A18-79C4EC9A6A05}.Debug|Any CPU.Build.0 = Debug|Any CPU
		{A3F86B0F-4A7B-4C01-9A18-79C4EC9A6A05}.Release|Any CPU.ActiveCfg = Release|Any CPU
		{A3F86B0F-4A7B-4C01-9A18-79C4EC9A6A05}.Release|Any CPU.Build.0 = Release|Any CPU
	EndGlobalSection
	GlobalSection(SolutionProperties) = preSolution
		HideSolutionNode = FALSE
	EndGlobalSection
	GlobalSection(ExtensibilityGlobals) = postSolution
		SolutionGuid = {1367AC93-CFC8-458F-95DB-1999C8F0DB6A}
	EndGlobalSection
EndGlobal
